
Microsoft Visual Studio Solution File, Format Version 12.00
# Visual Studio 15
VisualStudioVersion = 15.0.28307.1401
MinimumVisualStudioVersion = 10.0.40219.1
Project("{8BC9CEB8-8B4A-11D0-8D11-00A0C91BC942}") = "0403QtVV", "0403QtVV\0403QtVV.vcxproj", "{E3946549-881A-4858-802D-D99668A1BD84}"
EndProject
Global
	GlobalSection(SolutionConfigurationPlatforms) = preSolution
		Debug|x64 = Debug|x64
		Release|x64 = Release|x64
	EndGlobalSection
	GlobalSection(ProjectConfigurationPlatforms) = postSolution
		{E3946549-881A-4858-802D-D99668A1BD84}.Debug|x64.ActiveCfg = Debug|x64
		{E3946549-881A-4858-802D-D99668A1BD84}.Debug|x64.Build.0 = Debug|x64
		{E3946549-881A-4858-802D-D99668A1BD84}.Release|x64.ActiveCfg = Release|x64
		{E3946549-881A-4858-802D-D99668A1BD84}.Release|x64.Build.0 = Release|x64
		{E3946549-881A-4858-802D-D99668A1BD84}.Release|x64.Deploy.0 = Release|x64
	EndGlobalSection
	GlobalSection(SolutionProperties) = preSolution
		HideSolutionNode = FALSE
	EndGlobalSection
	GlobalSection(ExtensibilityGlobals) = postSolution
		SolutionGuid = {C338A70C-1C74-42E4-AA4F-C247826A01F5}
	EndGlobalSection
EndGlobal
